
Microsoft Visual Studio Solution File, Format Version 12.00
# Visual Studio Version 16
VisualStudioVersion = 16.0.32602.291
MinimumVisualStudioVersion = 10.0.40219.1
Project("{FAE04EC0-301F-11D3-BF4B-00C04F79EFBC}") = "BrainX", "BrainX\BrainX.csproj", "{32C30FEC-6402-4418-8A58-8FEC9E5B9AB0}"
EndProject
Global
	GlobalSection(SolutionConfigurationPlatforms) = preSolution
		Debug|Any CPU = Debug|Any CPU
		Release|Any CPU = Release|Any CPU
	EndGlobalSection
	GlobalSection(ProjectConfigurationPlatforms) = postSolution
		{32C30FEC-6402-4418-8A58-8FEC9E5B9AB0}.Debug|Any CPU.ActiveCfg = Debug|Any CPU
		{32C30FEC-6402-4418-8A58-8FEC9E5B9AB0}.Debug|Any CPU.Build.0 = Debug|Any CPU
		{32C30FEC-6402-4418-8A58-8FEC9E5B9AB0}.Release|Any CPU.ActiveCfg = Release|Any CPU
		{32C30FEC-6402-4418-8A58-8FEC9E5B9AB0}.Release|Any CPU.Build.0 = Release|Any CPU
	EndGlobalSection
	GlobalSection(SolutionProperties) = preSolution
		HideSolutionNode = FALSE
	EndGlobalSection
	GlobalSection(ExtensibilityGlobals) = postSolution
		SolutionGuid = {4C7C0CBF-8DBC-4803-B7F0-65A60709421D}
	EndGlobalSection
EndGlobal
